
Microsoft Visual Studio Solution File, Format Version 12.00
# Visual Studio Version 16
VisualStudioVersion = 16.0.30907.101
MinimumVisualStudioVersion = 10.0.40219.1
Project("{FAE04EC0-301F-11D3-BF4B-00C04F79EFBC}") = "Vehicle distance calculator", "Vehicle distance calculator\Vehicle distance calculator.csproj", "{24C4F767-A706-4C6D-98FA-82F0F67815F2}"
EndProject
Global
	GlobalSection(SolutionConfigurationPlatforms) = preSolution
		Debug|Any CPU = Debug|Any CPU
		Release|Any CPU = Release|Any CPU
	EndGlobalSection
	GlobalSection(ProjectConfigurationPlatforms) = postSolution
		{24C4F767-A706-4C6D-98FA-82F0F67815F2}.Debug|Any CPU.ActiveCfg = Debug|Any CPU
		{24C4F767-A706-4C6D-98FA-82F0F67815F2}.Debug|Any CPU.Build.0 = Debug|Any CPU
		{24C4F767-A706-4C6D-98FA-82F0F67815F2}.Release|Any CPU.ActiveCfg = Release|Any CPU
		{24C4F767-A706-4C6D-98FA-82F0F67815F2}.Release|Any CPU.Build.0 = Release|Any CPU
	EndGlobalSection
	GlobalSection(SolutionProperties) = preSolution
		HideSolutionNode = FALSE
	EndGlobalSection
	GlobalSection(ExtensibilityGlobals) = postSolution
		SolutionGuid = {941A59D0-0F69-4AAD-8082-91CDDA21250E}
	EndGlobalSection
EndGlobal
